
Microsoft Visual Studio Solution File, Format Version 12.00
# Visual Studio Version 16
VisualStudioVersion = 16.0.29411.108
MinimumVisualStudioVersion = 10.0.40219.1
Project("{FAE04EC0-301F-11D3-BF4B-00C04F79EFBC}") = "CodeFirstDemo", "CodeFirstDemo\CodeFirstDemo.csproj", "{BE3DF695-5F33-474C-890F-433EE2E828C8}"
EndProject
Global
	GlobalSection(SolutionConfigurationPlatforms) = preSolution
		Debug|Any CPU = Debug|Any CPU
		Release|Any CPU = Release|Any CPU
	EndGlobalSection
	GlobalSection(ProjectConfigurationPlatforms) = postSolution
		{BE3DF695-5F33-474C-890F-433EE2E828C8}.Debug|Any CPU.ActiveCfg = Debug|Any CPU
		{BE3DF695-5F33-474C-890F-433EE2E828C8}.Debug|Any CPU.Build.0 = Debug|Any CPU
		{BE3DF695-5F33-474C-890F-433EE2E828C8}.Release|Any CPU.ActiveCfg = Release|Any CPU
		{BE3DF695-5F33-474C-890F-433EE2E828C8}.Release|Any CPU.Build.0 = Release|Any CPU
	EndGlobalSection
	GlobalSection(SolutionProperties) = preSolution
		HideSolutionNode = FALSE
	EndGlobalSection
	GlobalSection(ExtensibilityGlobals) = postSolution
		SolutionGuid = {98B59498-1C47-4E86-99B6-F7DC5D333162}
	EndGlobalSection
EndGlobal
